// !$*UTF8*$!
{
	archiveVersion = 1;
	classes = {
	};
	objectVersion = 52;
	objects = {

/* Begin PBXBuildFile section */
		8A0B67ED23C5909100886F14 /* data in Resources */ = {isa = PBXBuildFile; fileRef = 8A0B67EC23C5909100886F14 /* data */; };
		8A0B67EF23C629B400886F14 /* UpdatableMNISTDigitClassifier.mlmodel in Sources */ = {isa = PBXBuildFile; fileRef = 8A0B67EE23C629B400886F14 /* UpdatableMNISTDigitClassifier.mlmodel */; };
		8A501F822397C0D8001A8F87 /* AppDelegate.swift in Sources */ = {isa = PBXBuildFile; fileRef = 8A501F812397C0D8001A8F87 /* AppDelegate.swift */; };
		8A501F842397C0D8001A8F87 /* SceneDelegate.swift in Sources */ = {isa = PBXBuildFile; fileRef = 8A501F832397C0D8001A8F87 /* SceneDelegate.swift */; };
		8A501F862397C0D8001A8F87 /* ViewController.swift in Sources */ = {isa = PBXBuildFile; fileRef = 8A501F852397C0D8001A8F87 /* ViewController.swift */; };
		8A501F892397C0D8001A8F87 /* Main.storyboard in Resources */ = {isa = PBXBuildFile; fileRef = 8A501F872397C0D8001A8F87 /* Main.storyboard */; };
		8A501F8B2397C0D8001A8F87 /* Assets.xcassets in Resources */ = {isa = PBXBuildFile; fileRef = 8A501F8A2397C0D8001A8F87 /* Assets.xcassets */; };
		8A501F8E2397C0D8001A8F87 /* LaunchScreen.storyboard in Resources */ = {isa = PBXBuildFile; fileRef = 8A501F8C2397C0D8001A8F87 /* LaunchScreen.storyboard */; };
		8A501F992397C0D8001A8F87 /* KerasMNISTSampleTests.swift in Sources */ = {isa = PBXBuildFile; fileRef = 8A501F982397C0D8001A8F87 /* KerasMNISTSampleTests.swift */; };
		8A501FA42397C24A001A8F87 /* DrawView.swift in Sources */ = {isa = PBXBuildFile; fileRef = 8A501FA32397C24A001A8F87 /* DrawView.swift */; };
		8A501FA823988B41001A8F87 /* DigitClassifier.swift in Sources */ = {isa = PBXBuildFile; fileRef = 8A501FA723988B41001A8F87 /* DigitClassifier.swift */; };
		8AB2074023BEFD4B00B2F7CC /* KRProgressHUD in Frameworks */ = {isa = PBXBuildFile; productRef = 8AB2073F23BEFD4B00B2F7CC /* KRProgressHUD */; };
		8AB2074223BF11DB00B2F7CC /* KRProgressHUD+Helper.swift in Sources */ = {isa = PBXBuildFile; fileRef = 8AB2074123BF11DB00B2F7CC /* KRProgressHUD+Helper.swift */; };
		8AB2074423BF14A500B2F7CC /* ModelUpdater.swift in Sources */ = {isa = PBXBuildFile; fileRef = 8AB2074323BF14A500B2F7CC /* ModelUpdater.swift */; };
		8AB2074623BF15B900B2F7CC /* TrainingDataProvider.swift in Sources */ = {isa = PBXBuildFile; fileRef = 8AB2074523BF15B900B2F7CC /* TrainingDataProvider.swift */; };
		8AC4D4A423AF09610011B7F5 /* UpdatableMNISTDigitClassifier+Updating.swift in Sources */ = {isa = PBXBuildFile; fileRef = 8AC4D4A323AF09610011B7F5 /* UpdatableMNISTDigitClassifier+Updating.swift */; };
/* End PBXBuildFile section */

/* Begin PBXContainerItemProxy section */
		8A501F952397C0D8001A8F87 /* PBXContainerItemProxy */ = {
			isa = PBXContainerItemProxy;
			containerPortal = 8A501F762397C0D8001A8F87 /* Project object */;
			proxyType = 1;
			remoteGlobalIDString = 8A501F7D2397C0D8001A8F87;
			remoteInfo = KerasMNISTSample;
		};
/* End PBXContainerItemProxy section */

/* Begin PBXFileReference section */
		8A0B67EC23C5909100886F14 /* data */ = {isa = PBXFileReference; lastKnownFileType = folder; name = data; path = ../data; sourceTree = "<group>"; };
		8A0B67EE23C629B400886F14 /* UpdatableMNISTDigitClassifier.mlmodel */ = {isa = PBXFileReference; lastKnownFileType = file.mlmodel; name = UpdatableMNISTDigitClassifier.mlmodel; path = ../models/UpdatableMNISTDigitClassifier.mlmodel; sourceTree = "<group>"; };
		8A501F7E2397C0D8001A8F87 /* MNISTTrainSample.app */ = {isa = PBXFileReference; explicitFileType = wrapper.application; includeInIndex = 0; path = MNISTTrainSample.app; sourceTree = BUILT_PRODUCTS_DIR; };
		8A501F812397C0D8001A8F87 /* AppDelegate.swift */ = {isa = PBXFileReference; lastKnownFileType = sourcecode.swift; path = AppDelegate.swift; sourceTree = "<group>"; };
		8A501F832397C0D8001A8F87 /* SceneDelegate.swift */ = {isa = PBXFileReference; lastKnownFileType = sourcecode.swift; path = SceneDelegate.swift; sourceTree = "<group>"; };
		8A501F852397C0D8001A8F87 /* ViewController.swift */ = {isa = PBXFileReference; lastKnownFileType = sourcecode.swift; path = ViewController.swift; sourceTree = "<group>"; };
		8A501F882397C0D8001A8F87 /* Base */ = {isa = PBXFileReference; lastKnownFileType = file.storyboard; name = Base; path = Base.lproj/Main.storyboard; sourceTree = "<group>"; };
		8A501F8A2397C0D8001A8F87 /* Assets.xcassets */ = {isa = PBXFileReference; lastKnownFileType = folder.assetcatalog; path = Assets.xcassets; sourceTree = "<group>"; };
		8A501F8D2397C0D8001A8F87 /* Base */ = {isa = PBXFileReference; lastKnownFileType = file.storyboard; name = Base; path = Base.lproj/LaunchScreen.storyboard; sourceTree = "<group>"; };
		8A501F8F2397C0D8001A8F87 /* Info.plist */ = {isa = PBXFileReference; lastKnownFileType = text.plist.xml; path = Info.plist; sourceTree = "<group>"; };
		8A501F942397C0D8001A8F87 /* MNISTTrainSampleTests.xctest */ = {isa = PBXFileReference; explicitFileType = wrapper.cfbundle; includeInIndex = 0; path = MNISTTrainSampleTests.xctest; sourceTree = BUILT_PRODUCTS_DIR; };
		8A501F982397C0D8001A8F87 /* KerasMNISTSampleTests.swift */ = {isa = PBXFileReference; lastKnownFileType = sourcecode.swift; path = KerasMNISTSampleTests.swift; sourceTree = "<group>"; };
		8A501F9A2397C0D8001A8F87 /* Info.plist */ = {isa = PBXFileReference; lastKnownFileType = text.plist.xml; path = Info.plist; sourceTree = "<group>"; };
		8A501FA32397C24A001A8F87 /* DrawView.swift */ = {isa = PBXFileReference; fileEncoding = 4; lastKnownFileType = sourcecode.swift; path = DrawView.swift; sourceTree = "<group>"; };
		8A501FA723988B41001A8F87 /* DigitClassifier.swift */ = {isa = PBXFileReference; lastKnownFileType = sourcecode.swift; path = DigitClassifier.swift; sourceTree = "<group>"; };
		8AB2074123BF11DB00B2F7CC /* KRProgressHUD+Helper.swift */ = {isa = PBXFileReference; lastKnownFileType = sourcecode.swift; path = "KRProgressHUD+Helper.swift"; sourceTree = "<group>"; };
		8AB2074323BF14A500B2F7CC /* ModelUpdater.swift */ = {isa = PBXFileReference; lastKnownFileType = sourcecode.swift; path = ModelUpdater.swift; sourceTree = "<group>"; };
		8AB2074523BF15B900B2F7CC /* TrainingDataProvider.swift */ = {isa = PBXFileReference; lastKnownFileType = sourcecode.swift; path = TrainingDataProvider.swift; sourceTree = "<group>"; };
		8AC4D4A323AF09610011B7F5 /* UpdatableMNISTDigitClassifier+Updating.swift */ = {isa = PBXFileReference; lastKnownFileType = sourcecode.swift; path = "UpdatableMNISTDigitClassifier+Updating.swift"; sourceTree = "<group>"; };
/* End PBXFileReference section */

/* Begin PBXFrameworksBuildPhase section */
		8A501F7B2397C0D8001A8F87 /* Frameworks */ = {
			isa = PBXFrameworksBuildPhase;
			buildActionMask = 2147483647;
			files = (
				8AB2074023BEFD4B00B2F7CC /* KRProgressHUD in Frameworks */,
			);
			runOnlyForDeploymentPostprocessing = 0;
		};
		8A501F912397C0D8001A8F87 /* Frameworks */ = {
			isa = PBXFrameworksBuildPhase;
			buildActionMask = 2147483647;
			files = (
			);
			runOnlyForDeploymentPostprocessing = 0;
		};
/* End PBXFrameworksBuildPhase section */

/* Begin PBXGroup section */
		8A501F752397C0D8001A8F87 = {
			isa = PBXGroup;
			children = (
				8A0B67EE23C629B400886F14 /* UpdatableMNISTDigitClassifier.mlmodel */,
				8A0B67EC23C5909100886F14 /* data */,
				8A501F802397C0D8001A8F87 /* MNISTTrainSample */,
				8A501F972397C0D8001A8F87 /* MNISTTrainSampleTests */,
				8A501F7F2397C0D8001A8F87 /* Products */,
			);
			sourceTree = "<group>";
		};
		8A501F7F2397C0D8001A8F87 /* Products */ = {
			isa = PBXGroup;
			children = (
				8A501F7E2397C0D8001A8F87 /* MNISTTrainSample.app */,
				8A501F942397C0D8001A8F87 /* MNISTTrainSampleTests.xctest */,
			);
			name = Products;
			sourceTree = "<group>";
		};
		8A501F802397C0D8001A8F87 /* MNISTTrainSample */ = {
			isa = PBXGroup;
			children = (
				8A501F8F2397C0D8001A8F87 /* Info.plist */,
				8A501F8A2397C0D8001A8F87 /* Assets.xcassets */,
				8A501F8C2397C0D8001A8F87 /* LaunchScreen.storyboard */,
				8A501F872397C0D8001A8F87 /* Main.storyboard */,
				8A501F812397C0D8001A8F87 /* AppDelegate.swift */,
				8A501F832397C0D8001A8F87 /* SceneDelegate.swift */,
				8A501F852397C0D8001A8F87 /* ViewController.swift */,
				8A501FA32397C24A001A8F87 /* DrawView.swift */,
				8A501FA723988B41001A8F87 /* DigitClassifier.swift */,
				8AC4D4A323AF09610011B7F5 /* UpdatableMNISTDigitClassifier+Updating.swift */,
				8AB2074323BF14A500B2F7CC /* ModelUpdater.swift */,
				8AB2074523BF15B900B2F7CC /* TrainingDataProvider.swift */,
				8AB2074123BF11DB00B2F7CC /* KRProgressHUD+Helper.swift */,
			);
			path = MNISTTrainSample;
			sourceTree = "<group>";
		};
		8A501F972397C0D8001A8F87 /* MNISTTrainSampleTests */ = {
			isa = PBXGroup;
			children = (
				8A501F982397C0D8001A8F87 /* KerasMNISTSampleTests.swift */,
				8A501F9A2397C0D8001A8F87 /* Info.plist */,
			);
			path = MNISTTrainSampleTests;
			sourceTree = "<group>";
		};
/* End PBXGroup section */

/* Begin PBXNativeTarget section */
		8A501F7D2397C0D8001A8F87 /* MNISTTrainSample */ = {
			isa = PBXNativeTarget;
			buildConfigurationList = 8A501F9D2397C0D8001A8F87 /* Build configuration list for PBXNativeTarget "MNISTTrainSample" */;
			buildPhases = (
				8A501F7A2397C0D8001A8F87 /* Sources */,
				8A501F7B2397C0D8001A8F87 /* Frameworks */,
				8A501F7C2397C0D8001A8F87 /* Resources */,
			);
			buildRules = (
			);
			dependencies = (
			);
			name = MNISTTrainSample;
			packageProductDependencies = (
				8AB2073F23BEFD4B00B2F7CC /* KRProgressHUD */,
			);
			productName = KerasMNISTSample;
			productReference = 8A501F7E2397C0D8001A8F87 /* MNISTTrainSample.app */;
			productType = "com.apple.product-type.application";
		};
		8A501F932397C0D8001A8F87 /* MNISTTrainSampleTests */ = {
			isa = PBXNativeTarget;
			buildConfigurationList = 8A501FA02397C0D8001A8F87 /* Build configuration list for PBXNativeTarget "MNISTTrainSampleTests" */;
			buildPhases = (
				8A501F902397C0D8001A8F87 /* Sources */,
				8A501F912397C0D8001A8F87 /* Frameworks */,
				8A501F922397C0D8001A8F87 /* Resources */,
			);
			buildRules = (
			);
			dependencies = (
				8A501F962397C0D8001A8F87 /* PBXTargetDependency */,
			);
			name = MNISTTrainSampleTests;
			productName = KerasMNISTSampleTests;
			productReference = 8A501F942397C0D8001A8F87 /* MNISTTrainSampleTests.xctest */;
			productType = "com.apple.product-type.bundle.unit-test";
		};
/* End PBXNativeTarget section */

/* Begin PBXProject section */
		8A501F762397C0D8001A8F87 /* Project object */ = {
			isa = PBXProject;
			attributes = {
				LastSwiftUpdateCheck = 1120;
				LastUpgradeCheck = 1120;
				ORGANIZATIONNAME = "Shuichi Tsutsumi";
				TargetAttributes = {
					8A501F7D2397C0D8001A8F87 = {
						CreatedOnToolsVersion = 11.2.1;
					};
					8A501F932397C0D8001A8F87 = {
						CreatedOnToolsVersion = 11.2.1;
						TestTargetID = 8A501F7D2397C0D8001A8F87;
					};
				};
			};
			buildConfigurationList = 8A501F792397C0D8001A8F87 /* Build configuration list for PBXProject "MNISTTrainSample" */;
			compatibilityVersion = "Xcode 9.3";
			developmentRegion = en;
			hasScannedForEncodings = 0;
			knownRegions = (
				en,
				Base,
			);
			mainGroup = 8A501F752397C0D8001A8F87;
			packageReferences = (
				8AB2073E23BEFD4B00B2F7CC /* XCRemoteSwiftPackageReference "KRProgressHUD" */,
			);
			productRefGroup = 8A501F7F2397C0D8001A8F87 /* Products */;
			projectDirPath = "";
			projectRoot = "";
			targets = (
				8A501F7D2397C0D8001A8F87 /* MNISTTrainSample */,
				8A501F932397C0D8001A8F87 /* MNISTTrainSampleTests */,
			);
		};
/* End PBXProject section */

/* Begin PBXResourcesBuildPhase section */
		8A501F7C2397C0D8001A8F87 /* Resources */ = {
			isa = PBXResourcesBuildPhase;
			buildActionMask = 2147483647;
			files = (
				8A501F8E2397C0D8001A8F87 /* LaunchScreen.storyboard in Resources */,
				8A501F8B2397C0D8001A8F87 /* Assets.xcassets in Resources */,
				8A0B67ED23C5909100886F14 /* data in Resources */,
				8A501F892397C0D8001A8F87 /* Main.storyboard in Resources */,
			);
			runOnlyForDeploymentPostprocessing = 0;
		};
		8A501F922397C0D8001A8F87 /* Resources */ = {
			isa = PBXResourcesBuildPhase;
			buildActionMask = 2147483647;
			files = (
			);
			runOnlyForDeploymentPostprocessing = 0;
		};
/* End PBXResourcesBuildPhase section */

/* Begin PBXSourcesBuildPhase section */
		8A501F7A2397C0D8001A8F87 /* Sources */ = {
			isa = PBXSourcesBuildPhase;
			buildActionMask = 2147483647;
			files = (
				8A0B67EF23C629B400886F14 /* UpdatableMNISTDigitClassifier.mlmodel in Sources */,
				8A501F862397C0D8001A8F87 /* ViewController.swift in Sources */,
				8A501F822397C0D8001A8F87 /* AppDelegate.swift in Sources */,
				8AC4D4A423AF09610011B7F5 /* UpdatableMNISTDigitClassifier+Updating.swift in Sources */,
				8AB2074223BF11DB00B2F7CC /* KRProgressHUD+Helper.swift in Sources */,
				8AB2074423BF14A500B2F7CC /* ModelUpdater.swift in Sources */,
				8A501FA42397C24A001A8F87 /* DrawView.swift in Sources */,
				8AB2074623BF15B900B2F7CC /* TrainingDataProvider.swift in Sources */,
				8A501FA823988B41001A8F87 /* DigitClassifier.swift in Sources */,
				8A501F842397C0D8001A8F87 /* SceneDelegate.swift in Sources */,
			);
			runOnlyForDeploymentPostprocessing = 0;
		};
		8A501F902397C0D8001A8F87 /* Sources */ = {
			isa = PBXSourcesBuildPhase;
			buildActionMask = 2147483647;
			files = (
				8A501F992397C0D8001A8F87 /* KerasMNISTSampleTests.swift in Sources */,
			);
			runOnlyForDeploymentPostprocessing = 0;
		};
/* End PBXSourcesBuildPhase section */

/* Begin PBXTargetDependency section */
		8A501F962397C0D8001A8F87 /* PBXTargetDependency */ = {
			isa = PBXTargetDependency;
			target = 8A501F7D2397C0D8001A8F87 /* MNISTTrainSample */;
			targetProxy = 8A501F952397C0D8001A8F87 /* PBXContainerItemProxy */;
		};
/* End PBXTargetDependency section */

/* Begin PBXVariantGroup section */
		8A501F872397C0D8001A8F87 /* Main.storyboard */ = {
			isa = PBXVariantGroup;
			children = (
				8A501F882397C0D8001A8F87 /* Base */,
			);
			name = Main.storyboard;
			sourceTree = "<group>";
		};
		8A501F8C2397C0D8001A8F87 /* LaunchScreen.storyboard */ = {
			isa = PBXVariantGroup;
			children = (
				8A501F8D2397C0D8001A8F87 /* Base */,
			);
			name = LaunchScreen.storyboard;
			sourceTree = "<group>";
		};
/* End PBXVariantGroup section */

/* Begin XCBuildConfiguration section */
		8A501F9B2397C0D8001A8F87 /* Debug */ = {
			isa = XCBuildConfiguration;
			buildSettings = {
				ALWAYS_SEARCH_USER_PATHS = NO;
				CLANG_ANALYZER_NONNULL = YES;
				CLANG_ANALYZER_NUMBER_OBJECT_CONVERSION = YES_AGGRESSIVE;
				CLANG_CXX_LANGUAGE_STANDARD = "gnu++14";
				CLANG_CXX_LIBRARY = "libc++";
				CLANG_ENABLE_MODULES = YES;
				CLANG_ENABLE_OBJC_ARC = YES;
				CLANG_ENABLE_OBJC_WEAK = YES;
				CLANG_WARN_BLOCK_CAPTURE_AUTORELEASING = YES;
				CLANG_WARN_BOOL_CONVERSION = YES;
				CLANG_WARN_COMMA = YES;
				CLANG_WARN_CONSTANT_CONVERSION = YES;
				CLANG_WARN_DEPRECATED_OBJC_IMPLEMENTATIONS = YES;
				CLANG_WARN_DIRECT_OBJC_ISA_USAGE = YES_ERROR;
				CLANG_WARN_DOCUMENTATION_COMMENTS = YES;
				CLANG_WARN_EMPTY_BODY = YES;
				CLANG_WARN_ENUM_CONVERSION = YES;
				CLANG_WARN_INFINITE_RECURSION = YES;
				CLANG_WARN_INT_CONVERSION = YES;
				CLANG_WARN_NON_LITERAL_NULL_CONVERSION = YES;
				CLANG_WARN_OBJC_IMPLICIT_RETAIN_SELF = YES;
				CLANG_WARN_OBJC_LITERAL_CONVERSION = YES;
				CLANG_WARN_OBJC_ROOT_CLASS = YES_ERROR;
				CLANG_WARN_RANGE_LOOP_ANALYSIS = YES;
				CLANG_WARN_STRICT_PROTOTYPES = YES;
				CLANG_WARN_SUSPICIOUS_MOVE = YES;
				CLANG_WARN_UNGUARDED_AVAILABILITY = YES_AGGRESSIVE;
				CLANG_WARN_UNREACHABLE_CODE = YES;
				CLANG_WARN__DUPLICATE_METHOD_MATCH = YES;
				COPY_PHASE_STRIP = NO;
				DEBUG_INFORMATION_FORMAT = dwarf;
				ENABLE_STRICT_OBJC_MSGSEND = YES;
				ENABLE_TESTABILITY = YES;
				GCC_C_LANGUAGE_STANDARD = gnu11;
				GCC_DYNAMIC_NO_PIC = NO;
				GCC_NO_COMMON_BLOCKS = YES;
				GCC_OPTIMIZATION_LEVEL = 0;
				GCC_PREPROCESSOR_DEFINITIONS = (
					"DEBUG=1",
					"$(inherited)",
				);
				GCC_WARN_64_TO_32_BIT_CONVERSION = YES;
				GCC_WARN_ABOUT_RETURN_TYPE = YES_ERROR;
				GCC_WARN_UNDECLARED_SELECTOR = YES;
				GCC_WARN_UNINITIALIZED_AUTOS = YES_AGGRESSIVE;
				GCC_WARN_UNUSED_FUNCTION = YES;
				GCC_WARN_UNUSED_VARIABLE = YES;
				IPHONEOS_DEPLOYMENT_TARGET = 13.2;
				MTL_ENABLE_DEBUG_INFO = INCLUDE_SOURCE;
				MTL_FAST_MATH = YES;
				ONLY_ACTIVE_ARCH = YES;
				SDKROOT = iphoneos;
				SWIFT_ACTIVE_COMPILATION_CONDITIONS = DEBUG;
				SWIFT_OPTIMIZATION_LEVEL = "-Onone";
			};
			name = Debug;
		};
		8A501F9C2397C0D8001A8F87 /* Release */ = {
			isa = XCBuildConfiguration;
			buildSettings = {
				ALWAYS_SEARCH_USER_PATHS = NO;
				CLANG_ANALYZER_NONNULL = YES;
				CLANG_ANALYZER_NUMBER_OBJECT_CONVERSION = YES_AGGRESSIVE;
				CLANG_CXX_LANGUAGE_STANDARD = "gnu++14";
				CLANG_CXX_LIBRARY = "libc++";
				CLANG_ENABLE_MODULES = YES;
				CLANG_ENABLE_OBJC_ARC = YES;
				CLANG_ENABLE_OBJC_WEAK = YES;
				CLANG_WARN_BLOCK_CAPTURE_AUTORELEASING = YES;
				CLANG_WARN_BOOL_CONVERSION = YES;
				CLANG_WARN_COMMA = YES;
				CLANG_WARN_CONSTANT_CONVERSION = YES;
				CLANG_WARN_DEPRECATED_OBJC_IMPLEMENTATIONS = YES;
				CLANG_WARN_DIRECT_OBJC_ISA_USAGE = YES_ERROR;
				CLANG_WARN_DOCUMENTATION_COMMENTS = YES;
				CLANG_WARN_EMPTY_BODY = YES;
				CLANG_WARN_ENUM_CONVERSION = YES;
				CLANG_WARN_INFINITE_RECURSION = YES;
				CLANG_WARN_INT_CONVERSION = YES;
				CLANG_WARN_NON_LITERAL_NULL_CONVERSION = YES;
				CLANG_WARN_OBJC_IMPLICIT_RETAIN_SELF = YES;
				CLANG_WARN_OBJC_LITERAL_CONVERSION = YES;
				CLANG_WARN_OBJC_ROOT_CLASS = YES_ERROR;
				CLANG_WARN_RANGE_LOOP_ANALYSIS = YES;
				CLANG_WARN_STRICT_PROTOTYPES = YES;
				CLANG_WARN_SUSPICIOUS_MOVE = YES;
				CLANG_WARN_UNGUARDED_AVAILABILITY = YES_AGGRESSIVE;
				CLANG_WARN_UNREACHABLE_CODE = YES;
				CLANG_WARN__DUPLICATE_METHOD_MATCH = YES;
				COPY_PHASE_STRIP = NO;
				DEBUG_INFORMATION_FORMAT = "dwarf-with-dsym";
				ENABLE_NS_ASSERTIONS = NO;
				ENABLE_STRICT_OBJC_MSGSEND = YES;
				GCC_C_LANGUAGE_STANDARD = gnu11;
				GCC_NO_COMMON_BLOCKS = YES;
				GCC_WARN_64_TO_32_BIT_CONVERSION = YES;
				GCC_WARN_ABOUT_RETURN_TYPE = YES_ERROR;
				GCC_WARN_UNDECLARED_SELECTOR = YES;
				GCC_WARN_UNINITIALIZED_AUTOS = YES_AGGRESSIVE;
				GCC_WARN_UNUSED_FUNCTION = YES;
				GCC_WARN_UNUSED_VARIABLE = YES;
				IPHONEOS_DEPLOYMENT_TARGET = 13.2;
				MTL_ENABLE_DEBUG_INFO = NO;
				MTL_FAST_MATH = YES;
				SDKROOT = iphoneos;
				SWIFT_COMPILATION_MODE = wholemodule;
				SWIFT_OPTIMIZATION_LEVEL = "-O";
				VALIDATE_PRODUCT = YES;
			};
			name = Release;
		};
		8A501F9E2397C0D8001A8F87 /* Debug */ = {
			isa = XCBuildConfiguration;
			buildSettings = {
				ASSETCATALOG_COMPILER_APPICON_NAME = AppIcon;
				CODE_SIGN_STYLE = Automatic;
				DEVELOPMENT_TEAM = 9Z86A4AWDE;
				INFOPLIST_FILE = MNISTTrainSample/Info.plist;
				LD_RUNPATH_SEARCH_PATHS = (
					"$(inherited)",
					"@executable_path/Frameworks",
				);
				PRODUCT_BUNDLE_IDENTIFIER = com.shu223.MNISTTrainSample;
				PRODUCT_NAME = "$(TARGET_NAME)";
				SWIFT_VERSION = 5.0;
				TARGETED_DEVICE_FAMILY = "1,2";
			};
			name = Debug;
		};
		8A501F9F2397C0D8001A8F87 /* Release */ = {
			isa = XCBuildConfiguration;
			buildSettings = {
				ASSETCATALOG_COMPILER_APPICON_NAME = AppIcon;
				CODE_SIGN_STYLE = Automatic;
				DEVELOPMENT_TEAM = 9Z86A4AWDE;
				INFOPLIST_FILE = MNISTTrainSample/Info.plist;
				LD_RUNPATH_SEARCH_PATHS = (
					"$(inherited)",
					"@executable_path/Frameworks",
				);
				PRODUCT_BUNDLE_IDENTIFIER = com.shu223.MNISTTrainSample;
				PRODUCT_NAME = "$(TARGET_NAME)";
				SWIFT_VERSION = 5.0;
				TARGETED_DEVICE_FAMILY = "1,2";
			};
			name = Release;
		};
		8A501FA12397C0D8001A8F87 /* Debug */ = {
			isa = XCBuildConfiguration;
			buildSettings = {
				ALWAYS_EMBED_SWIFT_STANDARD_LIBRARIES = YES;
				BUNDLE_LOADER = "$(TEST_HOST)";
				CODE_SIGN_STYLE = Automatic;
				DEVELOPMENT_TEAM = 9Z86A4AWDE;
				INFOPLIST_FILE = KerasMNISTSampleTests/Info.plist;
				IPHONEOS_DEPLOYMENT_TARGET = 13.2;
				LD_RUNPATH_SEARCH_PATHS = (
					"$(inherited)",
					"@executable_path/Frameworks",
					"@loader_path/Frameworks",
				);
				PRODUCT_BUNDLE_IDENTIFIER = com.shu223.KerasMNISTSampleTests;
				PRODUCT_NAME = "$(TARGET_NAME)";
				SWIFT_VERSION = 5.0;
				TARGETED_DEVICE_FAMILY = "1,2";
				TEST_HOST = "$(BUILT_PRODUCTS_DIR)/MNISTTrainSample.app/MNISTTrainSample";
			};
			name = Debug;
		};
		8A501FA22397C0D8001A8F87 /* Release */ = {
			isa = XCBuildConfiguration;
			buildSettings = {
				ALWAYS_EMBED_SWIFT_STANDARD_LIBRARIES = YES;
				BUNDLE_LOADER = "$(TEST_HOST)";
				CODE_SIGN_STYLE = Automatic;
				DEVELOPMENT_TEAM = 9Z86A4AWDE;
				INFOPLIST_FILE = KerasMNISTSampleTests/Info.plist;
				IPHONEOS_DEPLOYMENT_TARGET = 13.2;
				LD_RUNPATH_SEARCH_PATHS = (
					"$(inherited)",
					"@executable_path/Frameworks",
					"@loader_path/Frameworks",
				);
				PRODUCT_BUNDLE_IDENTIFIER = com.shu223.KerasMNISTSampleTests;
				PRODUCT_NAME = "$(TARGET_NAME)";
				SWIFT_VERSION = 5.0;
				TARGETED_DEVICE_FAMILY = "1,2";
				TEST_HOST = "$(BUILT_PRODUCTS_DIR)/MNISTTrainSample.app/MNISTTrainSample";
			};
			name = Release;
		};
/* End XCBuildConfiguration section */

/* Begin XCConfigurationList section */
		8A501F792397C0D8001A8F87 /* Build configuration list for PBXProject "MNISTTrainSample" */ = {
			isa = XCConfigurationList;
			buildConfigurations = (
				8A501F9B2397C0D8001A8F87 /* Debug */,
				8A501F9C2397C0D8001A8F87 /* Release */,
			);
			defaultConfigurationIsVisible = 0;
			defaultConfigurationName = Release;
		};
		8A501F9D2397C0D8001A8F87 /* Build configuration list for PBXNativeTarget "MNISTTrainSample" */ = {
			isa = XCConfigurationList;
			buildConfigurations = (
				8A501F9E2397C0D8001A8F87 /* Debug */,
				8A501F9F2397C0D8001A8F87 /* Release */,
			);
			defaultConfigurationIsVisible = 0;
			defaultConfigurationName = Release;
		};
		8A501FA02397C0D8001A8F87 /* Build configuration list for PBXNativeTarget "MNISTTrainSampleTests" */ = {
			isa = XCConfigurationList;
			buildConfigurations = (
				8A501FA12397C0D8001A8F87 /* Debug */,
				8A501FA22397C0D8001A8F87 /* Release */,
			);
			defaultConfigurationIsVisible = 0;
			defaultConfigurationName = Release;
		};
/* End XCConfigurationList section */

/* Begin XCRemoteSwiftPackageReference section */
		8AB2073E23BEFD4B00B2F7CC /* XCRemoteSwiftPackageReference "KRProgressHUD" */ = {
			isa = XCRemoteSwiftPackageReference;
			repositoryURL = "https://github.com/krimpedance/KRProgressHUD";
			requirement = {
				kind = upToNextMajorVersion;
				minimumVersion = 3.4.4;
			};
		};
/* End XCRemoteSwiftPackageReference section */

/* Begin XCSwiftPackageProductDependency section */
		8AB2073F23BEFD4B00B2F7CC /* KRProgressHUD */ = {
			isa = XCSwiftPackageProductDependency;
			package = 8AB2073E23BEFD4B00B2F7CC /* XCRemoteSwiftPackageReference "KRProgressHUD" */;
			productName = KRProgressHUD;
		};
/* End XCSwiftPackageProductDependency section */
	};
	rootObject = 8A501F762397C0D8001A8F87 /* Project object */;
}
